
Microsoft Visual Studio Solution File, Format Version 12.00
# Visual Studio Version 16
VisualStudioVersion = 16.0.28803.202
MinimumVisualStudioVersion = 10.0.40219.1
Project("{FAE04EC0-301F-11D3-BF4B-00C04F79EFBC}") = "noticias", "noticias\noticias.csproj", "{B943515E-2159-4BA7-B570-2E82D06C4D15}"
EndProject
Global
	GlobalSection(SolutionConfigurationPlatforms) = preSolution
		Debug|Any CPU = Debug|Any CPU
		Release|Any CPU = Release|Any CPU
	EndGlobalSection
	GlobalSection(ProjectConfigurationPlatforms) = postSolution
		{B943515E-2159-4BA7-B570-2E82D06C4D15}.Debug|Any CPU.ActiveCfg = Debug|Any CPU
		{B943515E-2159-4BA7-B570-2E82D06C4D15}.Debug|Any CPU.Build.0 = Debug|Any CPU
		{B943515E-2159-4BA7-B570-2E82D06C4D15}.Release|Any CPU.ActiveCfg = Release|Any CPU
		{B943515E-2159-4BA7-B570-2E82D06C4D15}.Release|Any CPU.Build.0 = Release|Any CPU
	EndGlobalSection
	GlobalSection(SolutionProperties) = preSolution
		HideSolutionNode = FALSE
	EndGlobalSection
	GlobalSection(ExtensibilityGlobals) = postSolution
		SolutionGuid = {C66599E9-5E48-4F83-A422-68E8854263CA}
	EndGlobalSection
EndGlobal
